
Microsoft Visual Studio Solution File, Format Version 12.00
# Visual Studio 15
VisualStudioVersion = 15.0.28010.2016
MinimumVisualStudioVersion = 10.0.40219.1
Project("{FAE04EC0-301F-11D3-BF4B-00C04F79EFBC}") = "TemaFacultativaFinal", "TemaFacultativaFinal\TemaFacultativaFinal.csproj", "{BE07F389-2C79-49C8-A954-F70C21AC96F4}"
EndProject
Global
	GlobalSection(SolutionConfigurationPlatforms) = preSolution
		Debug|Any CPU = Debug|Any CPU
		Release|Any CPU = Release|Any CPU
	EndGlobalSection
	GlobalSection(ProjectConfigurationPlatforms) = postSolution
		{BE07F389-2C79-49C8-A954-F70C21AC96F4}.Debug|Any CPU.ActiveCfg = Debug|Any CPU
		{BE07F389-2C79-49C8-A954-F70C21AC96F4}.Debug|Any CPU.Build.0 = Debug|Any CPU
		{BE07F389-2C79-49C8-A954-F70C21AC96F4}.Release|Any CPU.ActiveCfg = Release|Any CPU
		{BE07F389-2C79-49C8-A954-F70C21AC96F4}.Release|Any CPU.Build.0 = Release|Any CPU
	EndGlobalSection
	GlobalSection(SolutionProperties) = preSolution
		HideSolutionNode = FALSE
	EndGlobalSection
	GlobalSection(ExtensibilityGlobals) = postSolution
		SolutionGuid = {E3A3C089-27DF-422E-AF0B-1BA90D14F7F0}
	EndGlobalSection
EndGlobal
